// !$*UTF8*$!
{
	archiveVersion = 1;
	classes = {
	};
	objectVersion = 46;
	objects = {

/* Begin PBXBuildFile section */
		B010DC081AB0031C0010FAEF /* main.m in Sources */ = {isa = PBXBuildFile; fileRef = B010DC071AB0031C0010FAEF /* main.m */; };
		B010DC0B1AB0031C0010FAEF /* AppDelegate.m in Sources */ = {isa = PBXBuildFile; fileRef = B010DC0A1AB0031C0010FAEF /* AppDelegate.m */; };
		B010DC0E1AB0031C0010FAEF /* vcMenu.m in Sources */ = {isa = PBXBuildFile; fileRef = B010DC0D1AB0031C0010FAEF /* vcMenu.m */; };
		B010DC111AB0031C0010FAEF /* Main.storyboard in Resources */ = {isa = PBXBuildFile; fileRef = B010DC0F1AB0031C0010FAEF /* Main.storyboard */; };
		B010DC131AB0031C0010FAEF /* Images.xcassets in Resources */ = {isa = PBXBuildFile; fileRef = B010DC121AB0031C0010FAEF /* Images.xcassets */; };
		B010DC161AB0031C0010FAEF /* LaunchScreen.xib in Resources */ = {isa = PBXBuildFile; fileRef = B010DC141AB0031C0010FAEF /* LaunchScreen.xib */; };
		B010DC221AB0031C0010FAEF /* SchoolAgendaTests.m in Sources */ = {isa = PBXBuildFile; fileRef = B010DC211AB0031C0010FAEF /* SchoolAgendaTests.m */; };
		B010DC7C1AB0B0170010FAEF /* cellAgenda.m in Sources */ = {isa = PBXBuildFile; fileRef = B010DC7B1AB0B0170010FAEF /* cellAgenda.m */; };
		B010DC831AB0B09C0010FAEF /* agenda.png in Resources */ = {isa = PBXBuildFile; fileRef = B010DC7E1AB0B09C0010FAEF /* agenda.png */; };
		B010DC841AB0B09C0010FAEF /* calendario.png in Resources */ = {isa = PBXBuildFile; fileRef = B010DC7F1AB0B09C0010FAEF /* calendario.png */; };
		B010DC871AB0B09C0010FAEF /* usuario.png in Resources */ = {isa = PBXBuildFile; fileRef = B010DC821AB0B09C0010FAEF /* usuario.png */; };
		B010DC8A1AB0F0E90010FAEF /* eventos.png in Resources */ = {isa = PBXBuildFile; fileRef = B010DC881AB0F0E90010FAEF /* eventos.png */; };
		B010DC8B1AB0F0E90010FAEF /* materia.png in Resources */ = {isa = PBXBuildFile; fileRef = B010DC891AB0F0E90010FAEF /* materia.png */; };
		B010DC8D1AB0F1D80010FAEF /* horario.png in Resources */ = {isa = PBXBuildFile; fileRef = B010DC8C1AB0F1D80010FAEF /* horario.png */; };
		B010DC911AB1023A0010FAEF /* libros.jpeg in Resources */ = {isa = PBXBuildFile; fileRef = B010DC901AB1023A0010FAEF /* libros.jpeg */; };
		B010DC951AB15DE90010FAEF /* perfil.png in Resources */ = {isa = PBXBuildFile; fileRef = B010DC941AB15DE90010FAEF /* perfil.png */; };
		B010DC971AB160220010FAEF /* back.png in Resources */ = {isa = PBXBuildFile; fileRef = B010DC961AB160220010FAEF /* back.png */; };
/* End PBXBuildFile section */

/* Begin PBXContainerItemProxy section */
		B010DC1C1AB0031C0010FAEF /* PBXContainerItemProxy */ = {
			isa = PBXContainerItemProxy;
			containerPortal = B010DBFA1AB0031C0010FAEF /* Project object */;
			proxyType = 1;
			remoteGlobalIDString = B010DC011AB0031C0010FAEF;
			remoteInfo = SchoolAgenda;
		};
/* End PBXContainerItemProxy section */

/* Begin PBXFileReference section */
		B010DC021AB0031C0010FAEF /* SchoolAgenda.app */ = {isa = PBXFileReference; explicitFileType = wrapper.application; includeInIndex = 0; path = SchoolAgenda.app; sourceTree = BUILT_PRODUCTS_DIR; };
		B010DC061AB0031C0010FAEF /* Info.plist */ = {isa = PBXFileReference; lastKnownFileType = text.plist.xml; path = Info.plist; sourceTree = "<group>"; };
		B010DC071AB0031C0010FAEF /* main.m */ = {isa = PBXFileReference; lastKnownFileType = sourcecode.c.objc; path = main.m; sourceTree = "<group>"; };
		B010DC091AB0031C0010FAEF /* AppDelegate.h */ = {isa = PBXFileReference; lastKnownFileType = sourcecode.c.h; path = AppDelegate.h; sourceTree = "<group>"; };
		B010DC0A1AB0031C0010FAEF /* AppDelegate.m */ = {isa = PBXFileReference; lastKnownFileType = sourcecode.c.objc; path = AppDelegate.m; sourceTree = "<group>"; };
		B010DC0C1AB0031C0010FAEF /* vcMenu.h */ = {isa = PBXFileReference; lastKnownFileType = sourcecode.c.h; path = vcMenu.h; sourceTree = "<group>"; };
		B010DC0D1AB0031C0010FAEF /* vcMenu.m */ = {isa = PBXFileReference; lastKnownFileType = sourcecode.c.objc; path = vcMenu.m; sourceTree = "<group>"; };
		B010DC101AB0031C0010FAEF /* Base */ = {isa = PBXFileReference; lastKnownFileType = file.storyboard; name = Base; path = Base.lproj/Main.storyboard; sourceTree = "<group>"; };
		B010DC121AB0031C0010FAEF /* Images.xcassets */ = {isa = PBXFileReference; lastKnownFileType = folder.assetcatalog; path = Images.xcassets; sourceTree = "<group>"; };
		B010DC151AB0031C0010FAEF /* Base */ = {isa = PBXFileReference; lastKnownFileType = file.xib; name = Base; path = Base.lproj/LaunchScreen.xib; sourceTree = "<group>"; };
		B010DC1B1AB0031C0010FAEF /* SchoolAgendaTests.xctest */ = {isa = PBXFileReference; explicitFileType = wrapper.cfbundle; includeInIndex = 0; path = SchoolAgendaTests.xctest; sourceTree = BUILT_PRODUCTS_DIR; };
		B010DC201AB0031C0010FAEF /* Info.plist */ = {isa = PBXFileReference; lastKnownFileType = text.plist.xml; path = Info.plist; sourceTree = "<group>"; };
		B010DC211AB0031C0010FAEF /* SchoolAgendaTests.m */ = {isa = PBXFileReference; lastKnownFileType = sourcecode.c.objc; path = SchoolAgendaTests.m; sourceTree = "<group>"; };
		B010DC7A1AB0B0170010FAEF /* cellAgenda.h */ = {isa = PBXFileReference; fileEncoding = 4; lastKnownFileType = sourcecode.c.h; path = cellAgenda.h; sourceTree = "<group>"; };
		B010DC7B1AB0B0170010FAEF /* cellAgenda.m */ = {isa = PBXFileReference; fileEncoding = 4; lastKnownFileType = sourcecode.c.objc; path = cellAgenda.m; sourceTree = "<group>"; };
		B010DC7E1AB0B09C0010FAEF /* agenda.png */ = {isa = PBXFileReference; lastKnownFileType = image.png; name = agenda.png; path = img/agenda.png; sourceTree = "<group>"; };
		B010DC7F1AB0B09C0010FAEF /* calendario.png */ = {isa = PBXFileReference; lastKnownFileType = image.png; name = calendario.png; path = img/calendario.png; sourceTree = "<group>"; };
		B010DC821AB0B09C0010FAEF /* usuario.png */ = {isa = PBXFileReference; lastKnownFileType = image.png; name = usuario.png; path = img/usuario.png; sourceTree = "<group>"; };
		B010DC881AB0F0E90010FAEF /* eventos.png */ = {isa = PBXFileReference; lastKnownFileType = image.png; name = eventos.png; path = img/eventos.png; sourceTree = "<group>"; };
		B010DC891AB0F0E90010FAEF /* materia.png */ = {isa = PBXFileReference; lastKnownFileType = image.png; name = materia.png; path = img/materia.png; sourceTree = "<group>"; };
		B010DC8C1AB0F1D80010FAEF /* horario.png */ = {isa = PBXFileReference; lastKnownFileType = image.png; name = horario.png; path = img/horario.png; sourceTree = "<group>"; };
		B010DC901AB1023A0010FAEF /* libros.jpeg */ = {isa = PBXFileReference; lastKnownFileType = image.jpeg; name = libros.jpeg; path = img/libros.jpeg; sourceTree = "<group>"; };
		B010DC941AB15DE90010FAEF /* perfil.png */ = {isa = PBXFileReference; lastKnownFileType = image.png; name = perfil.png; path = img/perfil.png; sourceTree = "<group>"; };
		B010DC961AB160220010FAEF /* back.png */ = {isa = PBXFileReference; lastKnownFileType = image.png; name = back.png; path = img/back.png; sourceTree = "<group>"; };
/* End PBXFileReference section */

/* Begin PBXFrameworksBuildPhase section */
		B010DBFF1AB0031C0010FAEF /* Frameworks */ = {
			isa = PBXFrameworksBuildPhase;
			buildActionMask = 2147483647;
			files = (
			);
			runOnlyForDeploymentPostprocessing = 0;
		};
		B010DC181AB0031C0010FAEF /* Frameworks */ = {
			isa = PBXFrameworksBuildPhase;
			buildActionMask = 2147483647;
			files = (
			);
			runOnlyForDeploymentPostprocessing = 0;
		};
/* End PBXFrameworksBuildPhase section */

/* Begin PBXGroup section */
		B010DBF91AB0031C0010FAEF = {
			isa = PBXGroup;
			children = (
				B010DC7D1AB0B07F0010FAEF /* img */,
				B010DC041AB0031C0010FAEF /* SchoolAgenda */,
				B010DC1E1AB0031C0010FAEF /* SchoolAgendaTests */,
				B010DC031AB0031C0010FAEF /* Products */,
			);
			sourceTree = "<group>";
		};
		B010DC031AB0031C0010FAEF /* Products */ = {
			isa = PBXGroup;
			children = (
				B010DC021AB0031C0010FAEF /* SchoolAgenda.app */,
				B010DC1B1AB0031C0010FAEF /* SchoolAgendaTests.xctest */,
			);
			name = Products;
			sourceTree = "<group>";
		};
		B010DC041AB0031C0010FAEF /* SchoolAgenda */ = {
			isa = PBXGroup;
			children = (
				B010DC091AB0031C0010FAEF /* AppDelegate.h */,
				B010DC0A1AB0031C0010FAEF /* AppDelegate.m */,
				B010DC7A1AB0B0170010FAEF /* cellAgenda.h */,
				B010DC7B1AB0B0170010FAEF /* cellAgenda.m */,
				B010DC0C1AB0031C0010FAEF /* vcMenu.h */,
				B010DC0D1AB0031C0010FAEF /* vcMenu.m */,
				B010DC0F1AB0031C0010FAEF /* Main.storyboard */,
				B010DC121AB0031C0010FAEF /* Images.xcassets */,
				B010DC141AB0031C0010FAEF /* LaunchScreen.xib */,
				B010DC051AB0031C0010FAEF /* Supporting Files */,
			);
			path = SchoolAgenda;
			sourceTree = "<group>";
		};
		B010DC051AB0031C0010FAEF /* Supporting Files */ = {
			isa = PBXGroup;
			children = (
				B010DC061AB0031C0010FAEF /* Info.plist */,
				B010DC071AB0031C0010FAEF /* main.m */,
			);
			name = "Supporting Files";
			sourceTree = "<group>";
		};
		B010DC1E1AB0031C0010FAEF /* SchoolAgendaTests */ = {
			isa = PBXGroup;
			children = (
				B010DC211AB0031C0010FAEF /* SchoolAgendaTests.m */,
				B010DC1F1AB0031C0010FAEF /* Supporting Files */,
			);
			path = SchoolAgendaTests;
			sourceTree = "<group>";
		};
		B010DC1F1AB0031C0010FAEF /* Supporting Files */ = {
			isa = PBXGroup;
			children = (
				B010DC201AB0031C0010FAEF /* Info.plist */,
			);
			name = "Supporting Files";
			sourceTree = "<group>";
		};
		B010DC7D1AB0B07F0010FAEF /* img */ = {
			isa = PBXGroup;
			children = (
				B010DC961AB160220010FAEF /* back.png */,
				B010DC941AB15DE90010FAEF /* perfil.png */,
				B010DC901AB1023A0010FAEF /* libros.jpeg */,
				B010DC8C1AB0F1D80010FAEF /* horario.png */,
				B010DC881AB0F0E90010FAEF /* eventos.png */,
				B010DC891AB0F0E90010FAEF /* materia.png */,
				B010DC7E1AB0B09C0010FAEF /* agenda.png */,
				B010DC7F1AB0B09C0010FAEF /* calendario.png */,
				B010DC821AB0B09C0010FAEF /* usuario.png */,
			);
			name = img;
			sourceTree = "<group>";
		};
/* End PBXGroup section */

/* Begin PBXNativeTarget section */
		B010DC011AB0031C0010FAEF /* SchoolAgenda */ = {
			isa = PBXNativeTarget;
			buildConfigurationList = B010DC251AB0031C0010FAEF /* Build configuration list for PBXNativeTarget "SchoolAgenda" */;
			buildPhases = (
				B010DBFE1AB0031C0010FAEF /* Sources */,
				B010DBFF1AB0031C0010FAEF /* Frameworks */,
				B010DC001AB0031C0010FAEF /* Resources */,
			);
			buildRules = (
			);
			dependencies = (
			);
			name = SchoolAgenda;
			productName = SchoolAgenda;
			productReference = B010DC021AB0031C0010FAEF /* SchoolAgenda.app */;
			productType = "com.apple.product-type.application";
		};
		B010DC1A1AB0031C0010FAEF /* SchoolAgendaTests */ = {
			isa = PBXNativeTarget;
			buildConfigurationList = B010DC281AB0031C0010FAEF /* Build configuration list for PBXNativeTarget "SchoolAgendaTests" */;
			buildPhases = (
				B010DC171AB0031C0010FAEF /* Sources */,
				B010DC181AB0031C0010FAEF /* Frameworks */,
				B010DC191AB0031C0010FAEF /* Resources */,
			);
			buildRules = (
			);
			dependencies = (
				B010DC1D1AB0031C0010FAEF /* PBXTargetDependency */,
			);
			name = SchoolAgendaTests;
			productName = SchoolAgendaTests;
			productReference = B010DC1B1AB0031C0010FAEF /* SchoolAgendaTests.xctest */;
			productType = "com.apple.product-type.bundle.unit-test";
		};
/* End PBXNativeTarget section */

/* Begin PBXProject section */
		B010DBFA1AB0031C0010FAEF /* Project object */ = {
			isa = PBXProject;
			attributes = {
				LastUpgradeCheck = 0610;
				ORGANIZATIONNAME = alebautista;
				TargetAttributes = {
					B010DC011AB0031C0010FAEF = {
						CreatedOnToolsVersion = 6.1.1;
					};
					B010DC1A1AB0031C0010FAEF = {
						CreatedOnToolsVersion = 6.1.1;
						TestTargetID = B010DC011AB0031C0010FAEF;
					};
				};
			};
			buildConfigurationList = B010DBFD1AB0031C0010FAEF /* Build configuration list for PBXProject "SchoolAgenda" */;
			compatibilityVersion = "Xcode 3.2";
			developmentRegion = English;
			hasScannedForEncodings = 0;
			knownRegions = (
				en,
				Base,
			);
			mainGroup = B010DBF91AB0031C0010FAEF;
			productRefGroup = B010DC031AB0031C0010FAEF /* Products */;
			projectDirPath = "";
			projectRoot = "";
			targets = (
				B010DC011AB0031C0010FAEF /* SchoolAgenda */,
				B010DC1A1AB0031C0010FAEF /* SchoolAgendaTests */,
			);
		};
/* End PBXProject section */

/* Begin PBXResourcesBuildPhase section */
		B010DC001AB0031C0010FAEF /* Resources */ = {
			isa = PBXResourcesBuildPhase;
			buildActionMask = 2147483647;
			files = (
				B010DC8D1AB0F1D80010FAEF /* horario.png in Resources */,
				B010DC111AB0031C0010FAEF /* Main.storyboard in Resources */,
				B010DC951AB15DE90010FAEF /* perfil.png in Resources */,
				B010DC8B1AB0F0E90010FAEF /* materia.png in Resources */,
				B010DC8A1AB0F0E90010FAEF /* eventos.png in Resources */,
				B010DC831AB0B09C0010FAEF /* agenda.png in Resources */,
				B010DC161AB0031C0010FAEF /* LaunchScreen.xib in Resources */,
				B010DC841AB0B09C0010FAEF /* calendario.png in Resources */,
				B010DC971AB160220010FAEF /* back.png in Resources */,
				B010DC871AB0B09C0010FAEF /* usuario.png in Resources */,
				B010DC911AB1023A0010FAEF /* libros.jpeg in Resources */,
				B010DC131AB0031C0010FAEF /* Images.xcassets in Resources */,
			);
			runOnlyForDeploymentPostprocessing = 0;
		};
		B010DC191AB0031C0010FAEF /* Resources */ = {
			isa = PBXResourcesBuildPhase;
			buildActionMask = 2147483647;
			files = (
			);
			runOnlyForDeploymentPostprocessing = 0;
		};
/* End PBXResourcesBuildPhase section */

/* Begin PBXSourcesBuildPhase section */
		B010DBFE1AB0031C0010FAEF /* Sources */ = {
			isa = PBXSourcesBuildPhase;
			buildActionMask = 2147483647;
			files = (
				B010DC0E1AB0031C0010FAEF /* vcMenu.m in Sources */,
				B010DC0B1AB0031C0010FAEF /* AppDelegate.m in Sources */,
				B010DC081AB0031C0010FAEF /* main.m in Sources */,
				B010DC7C1AB0B0170010FAEF /* cellAgenda.m in Sources */,
			);
			runOnlyForDeploymentPostprocessing = 0;
		};
		B010DC171AB0031C0010FAEF /* Sources */ = {
			isa = PBXSourcesBuildPhase;
			buildActionMask = 2147483647;
			files = (
				B010DC221AB0031C0010FAEF /* SchoolAgendaTests.m in Sources */,
			);
			runOnlyForDeploymentPostprocessing = 0;
		};
/* End PBXSourcesBuildPhase section */

/* Begin PBXTargetDependency section */
		B010DC1D1AB0031C0010FAEF /* PBXTargetDependency */ = {
			isa = PBXTargetDependency;
			target = B010DC011AB0031C0010FAEF /* SchoolAgenda */;
			targetProxy = B010DC1C1AB0031C0010FAEF /* PBXContainerItemProxy */;
		};
/* End PBXTargetDependency section */

/* Begin PBXVariantGroup section */
		B010DC0F1AB0031C0010FAEF /* Main.storyboard */ = {
			isa = PBXVariantGroup;
			children = (
				B010DC101AB0031C0010FAEF /* Base */,
			);
			name = Main.storyboard;
			sourceTree = "<group>";
		};
		B010DC141AB0031C0010FAEF /* LaunchScreen.xib */ = {
			isa = PBXVariantGroup;
			children = (
				B010DC151AB0031C0010FAEF /* Base */,
			);
			name = LaunchScreen.xib;
			sourceTree = "<group>";
		};
/* End PBXVariantGroup section */

/* Begin XCBuildConfiguration section */
		B010DC231AB0031C0010FAEF /* Debug */ = {
			isa = XCBuildConfiguration;
			buildSettings = {
				ALWAYS_SEARCH_USER_PATHS = NO;
				CLANG_CXX_LANGUAGE_STANDARD = "gnu++0x";
				CLANG_CXX_LIBRARY = "libc++";
				CLANG_ENABLE_MODULES = YES;
				CLANG_ENABLE_OBJC_ARC = YES;
				CLANG_WARN_BOOL_CONVERSION = YES;
				CLANG_WARN_CONSTANT_CONVERSION = YES;
				CLANG_WARN_DIRECT_OBJC_ISA_USAGE = YES_ERROR;
				CLANG_WARN_EMPTY_BODY = YES;
				CLANG_WARN_ENUM_CONVERSION = YES;
				CLANG_WARN_INT_CONVERSION = YES;
				CLANG_WARN_OBJC_ROOT_CLASS = YES_ERROR;
				CLANG_WARN_UNREACHABLE_CODE = YES;
				CLANG_WARN__DUPLICATE_METHOD_MATCH = YES;
				"CODE_SIGN_IDENTITY[sdk=iphoneos*]" = "iPhone Developer";
				COPY_PHASE_STRIP = NO;
				ENABLE_STRICT_OBJC_MSGSEND = YES;
				GCC_C_LANGUAGE_STANDARD = gnu99;
				GCC_DYNAMIC_NO_PIC = NO;
				GCC_OPTIMIZATION_LEVEL = 0;
				GCC_PREPROCESSOR_DEFINITIONS = (
					"DEBUG=1",
					"$(inherited)",
				);
				GCC_SYMBOLS_PRIVATE_EXTERN = NO;
				GCC_WARN_64_TO_32_BIT_CONVERSION = YES;
				GCC_WARN_ABOUT_RETURN_TYPE = YES_ERROR;
				GCC_WARN_UNDECLARED_SELECTOR = YES;
				GCC_WARN_UNINITIALIZED_AUTOS = YES_AGGRESSIVE;
				GCC_WARN_UNUSED_FUNCTION = YES;
				GCC_WARN_UNUSED_VARIABLE = YES;
				IPHONEOS_DEPLOYMENT_TARGET = 8.1;
				MTL_ENABLE_DEBUG_INFO = YES;
				ONLY_ACTIVE_ARCH = YES;
				SDKROOT = iphoneos;
			};
			name = Debug;
		};
		B010DC241AB0031C0010FAEF /* Release */ = {
			isa = XCBuildConfiguration;
			buildSettings = {
				ALWAYS_SEARCH_USER_PATHS = NO;
				CLANG_CXX_LANGUAGE_STANDARD = "gnu++0x";
				CLANG_CXX_LIBRARY = "libc++";
				CLANG_ENABLE_MODULES = YES;
				CLANG_ENABLE_OBJC_ARC = YES;
				CLANG_WARN_BOOL_CONVERSION = YES;
				CLANG_WARN_CONSTANT_CONVERSION = YES;
				CLANG_WARN_DIRECT_OBJC_ISA_USAGE = YES_ERROR;
				CLANG_WARN_EMPTY_BODY = YES;
				CLANG_WARN_ENUM_CONVERSION = YES;
				CLANG_WARN_INT_CONVERSION = YES;
				CLANG_WARN_OBJC_ROOT_CLASS = YES_ERROR;
				CLANG_WARN_UNREACHABLE_CODE = YES;
				CLANG_WARN__DUPLICATE_METHOD_MATCH = YES;
				"CODE_SIGN_IDENTITY[sdk=iphoneos*]" = "iPhone Developer";
				COPY_PHASE_STRIP = YES;
				ENABLE_NS_ASSERTIONS = NO;
				ENABLE_STRICT_OBJC_MSGSEND = YES;
				GCC_C_LANGUAGE_STANDARD = gnu99;
				GCC_WARN_64_TO_32_BIT_CONVERSION = YES;
				GCC_WARN_ABOUT_RETURN_TYPE = YES_ERROR;
				GCC_WARN_UNDECLARED_SELECTOR = YES;
				GCC_WARN_UNINITIALIZED_AUTOS = YES_AGGRESSIVE;
				GCC_WARN_UNUSED_FUNCTION = YES;
				GCC_WARN_UNUSED_VARIABLE = YES;
				IPHONEOS_DEPLOYMENT_TARGET = 8.1;
				MTL_ENABLE_DEBUG_INFO = NO;
				SDKROOT = iphoneos;
				VALIDATE_PRODUCT = YES;
			};
			name = Release;
		};
		B010DC261AB0031C0010FAEF /* Debug */ = {
			isa = XCBuildConfiguration;
			buildSettings = {
				ASSETCATALOG_COMPILER_APPICON_NAME = AppIcon;
				INFOPLIST_FILE = SchoolAgenda/Info.plist;
				LD_RUNPATH_SEARCH_PATHS = "$(inherited) @executable_path/Frameworks";
				PRODUCT_NAME = "$(TARGET_NAME)";
			};
			name = Debug;
		};
		B010DC271AB0031C0010FAEF /* Release */ = {
			isa = XCBuildConfiguration;
			buildSettings = {
				ASSETCATALOG_COMPILER_APPICON_NAME = AppIcon;
				INFOPLIST_FILE = SchoolAgenda/Info.plist;
				LD_RUNPATH_SEARCH_PATHS = "$(inherited) @executable_path/Frameworks";
				PRODUCT_NAME = "$(TARGET_NAME)";
			};
			name = Release;
		};
		B010DC291AB0031C0010FAEF /* Debug */ = {
			isa = XCBuildConfiguration;
			buildSettings = {
				BUNDLE_LOADER = "$(TEST_HOST)";
				FRAMEWORK_SEARCH_PATHS = (
					"$(SDKROOT)/Developer/Library/Frameworks",
					"$(inherited)",
				);
				GCC_PREPROCESSOR_DEFINITIONS = (
					"DEBUG=1",
					"$(inherited)",
				);
				INFOPLIST_FILE = SchoolAgendaTests/Info.plist;
				LD_RUNPATH_SEARCH_PATHS = "$(inherited) @executable_path/Frameworks @loader_path/Frameworks";
				PRODUCT_NAME = "$(TARGET_NAME)";
				TEST_HOST = "$(BUILT_PRODUCTS_DIR)/SchoolAgenda.app/SchoolAgenda";
			};
			name = Debug;
		};
		B010DC2A1AB0031C0010FAEF /* Release */ = {
			isa = XCBuildConfiguration;
			buildSettings = {
				BUNDLE_LOADER = "$(TEST_HOST)";
				FRAMEWORK_SEARCH_PATHS = (
					"$(SDKROOT)/Developer/Library/Frameworks",
					"$(inherited)",
				);
				INFOPLIST_FILE = SchoolAgendaTests/Info.plist;
				LD_RUNPATH_SEARCH_PATHS = "$(inherited) @executable_path/Frameworks @loader_path/Frameworks";
				PRODUCT_NAME = "$(TARGET_NAME)";
				TEST_HOST = "$(BUILT_PRODUCTS_DIR)/SchoolAgenda.app/SchoolAgenda";
			};
			name = Release;
		};
/* End XCBuildConfiguration section */

/* Begin XCConfigurationList section */
		B010DBFD1AB0031C0010FAEF /* Build configuration list for PBXProject "SchoolAgenda" */ = {
			isa = XCConfigurationList;
			buildConfigurations = (
				B010DC231AB0031C0010FAEF /* Debug */,
				B010DC241AB0031C0010FAEF /* Release */,
			);
			defaultConfigurationIsVisible = 0;
			defaultConfigurationName = Release;
		};
		B010DC251AB0031C0010FAEF /* Build configuration list for PBXNativeTarget "SchoolAgenda" */ = {
			isa = XCConfigurationList;
			buildConfigurations = (
				B010DC261AB0031C0010FAEF /* Debug */,
				B010DC271AB0031C0010FAEF /* Release */,
			);
			defaultConfigurationIsVisible = 0;
			defaultConfigurationName = Release;
		};
		B010DC281AB0031C0010FAEF /* Build configuration list for PBXNativeTarget "SchoolAgendaTests" */ = {
			isa = XCConfigurationList;
			buildConfigurations = (
				B010DC291AB0031C0010FAEF /* Debug */,
				B010DC2A1AB0031C0010FAEF /* Release */,
			);
			defaultConfigurationIsVisible = 0;
			defaultConfigurationName = Release;
		};
/* End XCConfigurationList section */
	};
	rootObject = B010DBFA1AB0031C0010FAEF /* Project object */;
}
