// !$*UTF8*$!
{
	archiveVersion = 1;
	classes = {
	};
	objectVersion = 46;
	objects = {

/* Begin PBXBuildFile section */
		B010DC081AB0031C0010FAEF /* main.m in Sources */ = {isa = PBXBuildFile; fileRef = B010DC071AB0031C0010FAEF /* main.m */; };
		B010DC0B1AB0031C0010FAEF /* AppDelegate.m in Sources */ = {isa = PBXBuildFile; fileRef = B010DC0A1AB0031C0010FAEF /* AppDelegate.m */; };
		B010DC0E1AB0031C0010FAEF /* Home.m in Sources */ = {isa = PBXBuildFile; fileRef = B010DC0D1AB0031C0010FAEF /* Home.m */; };
		B010DC131AB0031C0010FAEF /* Images.xcassets in Resources */ = {isa = PBXBuildFile; fileRef = B010DC121AB0031C0010FAEF /* Images.xcassets */; };
		B010DC161AB0031C0010FAEF /* LaunchScreen.xib in Resources */ = {isa = PBXBuildFile; fileRef = B010DC141AB0031C0010FAEF /* LaunchScreen.xib */; };
		B010DC221AB0031C0010FAEF /* SchoolAgendaTests.m in Sources */ = {isa = PBXBuildFile; fileRef = B010DC211AB0031C0010FAEF /* SchoolAgendaTests.m */; };
		B010DC7C1AB0B0170010FAEF /* cellAgenda.m in Sources */ = {isa = PBXBuildFile; fileRef = B010DC7B1AB0B0170010FAEF /* cellAgenda.m */; };
		B010DC841AB0B09C0010FAEF /* calendario.png in Resources */ = {isa = PBXBuildFile; fileRef = B010DC7F1AB0B09C0010FAEF /* calendario.png */; };
		B010DC871AB0B09C0010FAEF /* usuario.png in Resources */ = {isa = PBXBuildFile; fileRef = B010DC821AB0B09C0010FAEF /* usuario.png */; };
		B010DC8A1AB0F0E90010FAEF /* eventos.png in Resources */ = {isa = PBXBuildFile; fileRef = B010DC881AB0F0E90010FAEF /* eventos.png */; };
		B010DC8B1AB0F0E90010FAEF /* materia.png in Resources */ = {isa = PBXBuildFile; fileRef = B010DC891AB0F0E90010FAEF /* materia.png */; };
		B010DC8D1AB0F1D80010FAEF /* horario.png in Resources */ = {isa = PBXBuildFile; fileRef = B010DC8C1AB0F1D80010FAEF /* horario.png */; };
		B010DC951AB15DE90010FAEF /* perfil.png in Resources */ = {isa = PBXBuildFile; fileRef = B010DC941AB15DE90010FAEF /* perfil.png */; };
		B020DC091AB1806400BB1982 /* addUser.m in Sources */ = {isa = PBXBuildFile; fileRef = B020DC081AB1806400BB1982 /* addUser.m */; };
		B020DC111AB183E400BB1982 /* Bolts.framework in Frameworks */ = {isa = PBXBuildFile; fileRef = B020DC0C1AB183E400BB1982 /* Bolts.framework */; };
		B020DC121AB183E400BB1982 /* Parse.framework in Frameworks */ = {isa = PBXBuildFile; fileRef = B020DC0D1AB183E400BB1982 /* Parse.framework */; };
		B020DC131AB183E400BB1982 /* ParseCrashReporting.framework in Frameworks */ = {isa = PBXBuildFile; fileRef = B020DC0E1AB183E400BB1982 /* ParseCrashReporting.framework */; };
		B020DC141AB183E400BB1982 /* ParseFacebookUtils.framework in Frameworks */ = {isa = PBXBuildFile; fileRef = B020DC0F1AB183E400BB1982 /* ParseFacebookUtils.framework */; };
		B020DC151AB183E400BB1982 /* ParseUI.framework in Frameworks */ = {isa = PBXBuildFile; fileRef = B020DC101AB183E400BB1982 /* ParseUI.framework */; };
		B020DC171AB1843200BB1982 /* AudioToolbox.framework in Frameworks */ = {isa = PBXBuildFile; fileRef = B020DC161AB1843200BB1982 /* AudioToolbox.framework */; };
		B020DC191AB1845200BB1982 /* CFNetwork.framework in Frameworks */ = {isa = PBXBuildFile; fileRef = B020DC181AB1845200BB1982 /* CFNetwork.framework */; };
		B020DC1B1AB1845F00BB1982 /* CoreGraphics.framework in Frameworks */ = {isa = PBXBuildFile; fileRef = B020DC1A1AB1845F00BB1982 /* CoreGraphics.framework */; };
		B020DC1D1AB1846A00BB1982 /* CoreLocation.framework in Frameworks */ = {isa = PBXBuildFile; fileRef = B020DC1C1AB1846A00BB1982 /* CoreLocation.framework */; };
		B020DC1F1AB1847B00BB1982 /* MobileCoreServices.framework in Frameworks */ = {isa = PBXBuildFile; fileRef = B020DC1E1AB1847B00BB1982 /* MobileCoreServices.framework */; };
		B020DC211AB1848800BB1982 /* QuartzCore.framework in Frameworks */ = {isa = PBXBuildFile; fileRef = B020DC201AB1848800BB1982 /* QuartzCore.framework */; };
		B020DC231AB1849300BB1982 /* Security.framework in Frameworks */ = {isa = PBXBuildFile; fileRef = B020DC221AB1849300BB1982 /* Security.framework */; };
		B020DC251AB1849F00BB1982 /* StoreKit.framework in Frameworks */ = {isa = PBXBuildFile; fileRef = B020DC241AB1849F00BB1982 /* StoreKit.framework */; };
		B020DC271AB184AC00BB1982 /* SystemConfiguration.framework in Frameworks */ = {isa = PBXBuildFile; fileRef = B020DC261AB184AC00BB1982 /* SystemConfiguration.framework */; };
		B020DC291AB184F000BB1982 /* libz.dylib in Frameworks */ = {isa = PBXBuildFile; fileRef = B020DC281AB184F000BB1982 /* libz.dylib */; };
		B020DC2B1AB184F800BB1982 /* libsqlite3.dylib in Frameworks */ = {isa = PBXBuildFile; fileRef = B020DC2A1AB184F800BB1982 /* libsqlite3.dylib */; };
		B052BD761AD1B3EF0021F4D7 /* Main.storyboard in Resources */ = {isa = PBXBuildFile; fileRef = B052BD751AD1B3EF0021F4D7 /* Main.storyboard */; };
		B05E6F3A1AB54AEB00812B09 /* students.jpeg in Resources */ = {isa = PBXBuildFile; fileRef = B05E6F391AB54AEB00812B09 /* students.jpeg */; };
		B05E6F421AB62D8200812B09 /* list.png in Resources */ = {isa = PBXBuildFile; fileRef = B05E6F411AB62D8200812B09 /* list.png */; };
		B05FF33A1AD2E9DA004A99F0 /* esferas.png in Resources */ = {isa = PBXBuildFile; fileRef = B05FF3391AD2E9DA004A99F0 /* esferas.png */; };
		B05FF33C1AD2F406004A99F0 /* graduate.png in Resources */ = {isa = PBXBuildFile; fileRef = B05FF33B1AD2F406004A99F0 /* graduate.png */; };
		B05FF33E1AD2FF86004A99F0 /* backg.jpg in Resources */ = {isa = PBXBuildFile; fileRef = B05FF33D1AD2FF86004A99F0 /* backg.jpg */; };
		B08A95291ACCA4C5007EB0EE /* cross.png in Resources */ = {isa = PBXBuildFile; fileRef = B08A95281ACCA4C5007EB0EE /* cross.png */; };
		B08A952C1ACCBC2A007EB0EE /* ListHorario.m in Sources */ = {isa = PBXBuildFile; fileRef = B08A952B1ACCBC2A007EB0EE /* ListHorario.m */; };
		B0D4FEA91AD1C71C009030CC /* ListRatings.m in Sources */ = {isa = PBXBuildFile; fileRef = B0D4FEA81AD1C71C009030CC /* ListRatings.m */; };
		B0D4FEB01AD233FB009030CC /* noterm.png in Resources */ = {isa = PBXBuildFile; fileRef = B0D4FEAE1AD233FB009030CC /* noterm.png */; };
		B0D4FEB11AD233FB009030CC /* term.png in Resources */ = {isa = PBXBuildFile; fileRef = B0D4FEAF1AD233FB009030CC /* term.png */; };
		B0D4FEB31AD23978009030CC /* libros.png in Resources */ = {isa = PBXBuildFile; fileRef = B0D4FEB21AD23978009030CC /* libros.png */; };
		B0D4FEB51AD239D7009030CC /* horarioimg.png in Resources */ = {isa = PBXBuildFile; fileRef = B0D4FEB41AD239D7009030CC /* horarioimg.png */; };
		B0D4FEB71AD23C11009030CC /* event.png in Resources */ = {isa = PBXBuildFile; fileRef = B0D4FEB61AD23C11009030CC /* event.png */; };
		B0D4FEB91AD23DB8009030CC /* ok.jpeg in Resources */ = {isa = PBXBuildFile; fileRef = B0D4FEB81AD23DB8009030CC /* ok.jpeg */; };
		B0DCDAC01AB9612100265F9C /* calif.png in Resources */ = {isa = PBXBuildFile; fileRef = B0DCDABF1AB9612100265F9C /* calif.png */; };
		B0DCDAC21AB963A300265F9C /* back.png in Resources */ = {isa = PBXBuildFile; fileRef = B0DCDAC11AB963A300265F9C /* back.png */; };
		B0DCDAC51AB965C800265F9C /* Ratings.m in Sources */ = {isa = PBXBuildFile; fileRef = B0DCDAC41AB965C800265F9C /* Ratings.m */; };
		B0E126221AB2B6E300650870 /* Subjects.m in Sources */ = {isa = PBXBuildFile; fileRef = B0E126211AB2B6E300650870 /* Subjects.m */; };
		B0E126261AB2DDA600650870 /* settings.png in Resources */ = {isa = PBXBuildFile; fileRef = B0E126251AB2DDA600650870 /* settings.png */; };
		B0E126291AB3E23A00650870 /* ListSubjects.m in Sources */ = {isa = PBXBuildFile; fileRef = B0E126281AB3E23A00650870 /* ListSubjects.m */; };
		B0EDF7B31ACCBD0200CD7225 /* Horario.m in Sources */ = {isa = PBXBuildFile; fileRef = B0EDF7B21ACCBD0200CD7225 /* Horario.m */; };
		B0EDF7B61ACCBEA400CD7225 /* ListEvents.m in Sources */ = {isa = PBXBuildFile; fileRef = B0EDF7B51ACCBEA400CD7225 /* ListEvents.m */; };
		B0EDF7B91ACCBEC600CD7225 /* Events.m in Sources */ = {isa = PBXBuildFile; fileRef = B0EDF7B81ACCBEC600CD7225 /* Events.m */; };
		B0EDF7BE1ACE0E3F00CD7225 /* varGlobal.m in Sources */ = {isa = PBXBuildFile; fileRef = B0EDF7BD1ACE0E3F00CD7225 /* varGlobal.m */; };
		B0EDF7C01ACE6D3A00CD7225 /* Accounts.framework in Frameworks */ = {isa = PBXBuildFile; fileRef = B0EDF7BF1ACE6D3A00CD7225 /* Accounts.framework */; };
		B0EDF7C21ACE6D5300CD7225 /* Twitter.framework in Frameworks */ = {isa = PBXBuildFile; fileRef = B0EDF7C11ACE6D5300CD7225 /* Twitter.framework */; };
		B0EDF7C41ACE6D5D00CD7225 /* Social.framework in Frameworks */ = {isa = PBXBuildFile; fileRef = B0EDF7C31ACE6D5D00CD7225 /* Social.framework */; };
		B0FA787F1AD08AA7001CF221 /* book.jpg in Resources */ = {isa = PBXBuildFile; fileRef = B0FA787E1AD08AA7001CF221 /* book.jpg */; };
		B0FAD74F1AB2300A0046F86F /* camera.png in Resources */ = {isa = PBXBuildFile; fileRef = B0FAD74D1AB2300A0046F86F /* camera.png */; };
/* End PBXBuildFile section */

/* Begin PBXContainerItemProxy section */
		B010DC1C1AB0031C0010FAEF /* PBXContainerItemProxy */ = {
			isa = PBXContainerItemProxy;
			containerPortal = B010DBFA1AB0031C0010FAEF /* Project object */;
			proxyType = 1;
			remoteGlobalIDString = B010DC011AB0031C0010FAEF;
			remoteInfo = SchoolAgenda;
		};
/* End PBXContainerItemProxy section */

/* Begin PBXFileReference section */
		B010DC021AB0031C0010FAEF /* SchoolAgenda.app */ = {isa = PBXFileReference; explicitFileType = wrapper.application; includeInIndex = 0; path = SchoolAgenda.app; sourceTree = BUILT_PRODUCTS_DIR; };
		B010DC061AB0031C0010FAEF /* Info.plist */ = {isa = PBXFileReference; lastKnownFileType = text.plist.xml; path = Info.plist; sourceTree = "<group>"; };
		B010DC071AB0031C0010FAEF /* main.m */ = {isa = PBXFileReference; lastKnownFileType = sourcecode.c.objc; path = main.m; sourceTree = "<group>"; };
		B010DC091AB0031C0010FAEF /* AppDelegate.h */ = {isa = PBXFileReference; lastKnownFileType = sourcecode.c.h; path = AppDelegate.h; sourceTree = "<group>"; };
		B010DC0A1AB0031C0010FAEF /* AppDelegate.m */ = {isa = PBXFileReference; lastKnownFileType = sourcecode.c.objc; path = AppDelegate.m; sourceTree = "<group>"; };
		B010DC0C1AB0031C0010FAEF /* Home.h */ = {isa = PBXFileReference; lastKnownFileType = sourcecode.c.h; path = Home.h; sourceTree = "<group>"; };
		B010DC0D1AB0031C0010FAEF /* Home.m */ = {isa = PBXFileReference; lastKnownFileType = sourcecode.c.objc; path = Home.m; sourceTree = "<group>"; };
		B010DC121AB0031C0010FAEF /* Images.xcassets */ = {isa = PBXFileReference; lastKnownFileType = folder.assetcatalog; path = Images.xcassets; sourceTree = "<group>"; };
		B010DC151AB0031C0010FAEF /* Base */ = {isa = PBXFileReference; lastKnownFileType = file.xib; name = Base; path = Base.lproj/LaunchScreen.xib; sourceTree = "<group>"; };
		B010DC1B1AB0031C0010FAEF /* SchoolAgendaTests.xctest */ = {isa = PBXFileReference; explicitFileType = wrapper.cfbundle; includeInIndex = 0; path = SchoolAgendaTests.xctest; sourceTree = BUILT_PRODUCTS_DIR; };
		B010DC201AB0031C0010FAEF /* Info.plist */ = {isa = PBXFileReference; lastKnownFileType = text.plist.xml; path = Info.plist; sourceTree = "<group>"; };
		B010DC211AB0031C0010FAEF /* SchoolAgendaTests.m */ = {isa = PBXFileReference; lastKnownFileType = sourcecode.c.objc; path = SchoolAgendaTests.m; sourceTree = "<group>"; };
		B010DC7A1AB0B0170010FAEF /* cellAgenda.h */ = {isa = PBXFileReference; fileEncoding = 4; lastKnownFileType = sourcecode.c.h; path = cellAgenda.h; sourceTree = "<group>"; };
		B010DC7B1AB0B0170010FAEF /* cellAgenda.m */ = {isa = PBXFileReference; fileEncoding = 4; lastKnownFileType = sourcecode.c.objc; path = cellAgenda.m; sourceTree = "<group>"; };
		B010DC7F1AB0B09C0010FAEF /* calendario.png */ = {isa = PBXFileReference; lastKnownFileType = image.png; name = calendario.png; path = img/calendario.png; sourceTree = "<group>"; };
		B010DC821AB0B09C0010FAEF /* usuario.png */ = {isa = PBXFileReference; lastKnownFileType = image.png; name = usuario.png; path = img/usuario.png; sourceTree = "<group>"; };
		B010DC881AB0F0E90010FAEF /* eventos.png */ = {isa = PBXFileReference; lastKnownFileType = image.png; name = eventos.png; path = img/eventos.png; sourceTree = "<group>"; };
		B010DC891AB0F0E90010FAEF /* materia.png */ = {isa = PBXFileReference; lastKnownFileType = image.png; name = materia.png; path = img/materia.png; sourceTree = "<group>"; };
		B010DC8C1AB0F1D80010FAEF /* horario.png */ = {isa = PBXFileReference; lastKnownFileType = image.png; name = horario.png; path = img/horario.png; sourceTree = "<group>"; };
		B010DC941AB15DE90010FAEF /* perfil.png */ = {isa = PBXFileReference; lastKnownFileType = image.png; name = perfil.png; path = img/perfil.png; sourceTree = "<group>"; };
		B020DC071AB1806400BB1982 /* addUser.h */ = {isa = PBXFileReference; fileEncoding = 4; lastKnownFileType = sourcecode.c.h; path = addUser.h; sourceTree = "<group>"; };
		B020DC081AB1806400BB1982 /* addUser.m */ = {isa = PBXFileReference; fileEncoding = 4; lastKnownFileType = sourcecode.c.objc; path = addUser.m; sourceTree = "<group>"; };
		B020DC0C1AB183E400BB1982 /* Bolts.framework */ = {isa = PBXFileReference; lastKnownFileType = wrapper.framework; path = Bolts.framework; sourceTree = "<group>"; };
		B020DC0D1AB183E400BB1982 /* Parse.framework */ = {isa = PBXFileReference; lastKnownFileType = wrapper.framework; path = Parse.framework; sourceTree = "<group>"; };
		B020DC0E1AB183E400BB1982 /* ParseCrashReporting.framework */ = {isa = PBXFileReference; lastKnownFileType = wrapper.framework; path = ParseCrashReporting.framework; sourceTree = "<group>"; };
		B020DC0F1AB183E400BB1982 /* ParseFacebookUtils.framework */ = {isa = PBXFileReference; lastKnownFileType = wrapper.framework; path = ParseFacebookUtils.framework; sourceTree = "<group>"; };
		B020DC101AB183E400BB1982 /* ParseUI.framework */ = {isa = PBXFileReference; lastKnownFileType = wrapper.framework; path = ParseUI.framework; sourceTree = "<group>"; };
		B020DC161AB1843200BB1982 /* AudioToolbox.framework */ = {isa = PBXFileReference; lastKnownFileType = wrapper.framework; name = AudioToolbox.framework; path = System/Library/Frameworks/AudioToolbox.framework; sourceTree = SDKROOT; };
		B020DC181AB1845200BB1982 /* CFNetwork.framework */ = {isa = PBXFileReference; lastKnownFileType = wrapper.framework; name = CFNetwork.framework; path = System/Library/Frameworks/CFNetwork.framework; sourceTree = SDKROOT; };
		B020DC1A1AB1845F00BB1982 /* CoreGraphics.framework */ = {isa = PBXFileReference; lastKnownFileType = wrapper.framework; name = CoreGraphics.framework; path = System/Library/Frameworks/CoreGraphics.framework; sourceTree = SDKROOT; };
		B020DC1C1AB1846A00BB1982 /* CoreLocation.framework */ = {isa = PBXFileReference; lastKnownFileType = wrapper.framework; name = CoreLocation.framework; path = System/Library/Frameworks/CoreLocation.framework; sourceTree = SDKROOT; };
		B020DC1E1AB1847B00BB1982 /* MobileCoreServices.framework */ = {isa = PBXFileReference; lastKnownFileType = wrapper.framework; name = MobileCoreServices.framework; path = System/Library/Frameworks/MobileCoreServices.framework; sourceTree = SDKROOT; };
		B020DC201AB1848800BB1982 /* QuartzCore.framework */ = {isa = PBXFileReference; lastKnownFileType = wrapper.framework; name = QuartzCore.framework; path = System/Library/Frameworks/QuartzCore.framework; sourceTree = SDKROOT; };
		B020DC221AB1849300BB1982 /* Security.framework */ = {isa = PBXFileReference; lastKnownFileType = wrapper.framework; name = Security.framework; path = System/Library/Frameworks/Security.framework; sourceTree = SDKROOT; };
		B020DC241AB1849F00BB1982 /* StoreKit.framework */ = {isa = PBXFileReference; lastKnownFileType = wrapper.framework; name = StoreKit.framework; path = System/Library/Frameworks/StoreKit.framework; sourceTree = SDKROOT; };
		B020DC261AB184AC00BB1982 /* SystemConfiguration.framework */ = {isa = PBXFileReference; lastKnownFileType = wrapper.framework; name = SystemConfiguration.framework; path = System/Library/Frameworks/SystemConfiguration.framework; sourceTree = SDKROOT; };
		B020DC281AB184F000BB1982 /* libz.dylib */ = {isa = PBXFileReference; lastKnownFileType = "compiled.mach-o.dylib"; name = libz.dylib; path = usr/lib/libz.dylib; sourceTree = SDKROOT; };
		B020DC2A1AB184F800BB1982 /* libsqlite3.dylib */ = {isa = PBXFileReference; lastKnownFileType = "compiled.mach-o.dylib"; name = libsqlite3.dylib; path = usr/lib/libsqlite3.dylib; sourceTree = SDKROOT; };
		B052BD751AD1B3EF0021F4D7 /* Main.storyboard */ = {isa = PBXFileReference; fileEncoding = 4; lastKnownFileType = file.storyboard; path = Main.storyboard; sourceTree = "<group>"; };
		B05E6F391AB54AEB00812B09 /* students.jpeg */ = {isa = PBXFileReference; lastKnownFileType = image.jpeg; name = students.jpeg; path = img/students.jpeg; sourceTree = "<group>"; };
		B05E6F411AB62D8200812B09 /* list.png */ = {isa = PBXFileReference; lastKnownFileType = image.png; name = list.png; path = img/list.png; sourceTree = "<group>"; };
		B05FF3391AD2E9DA004A99F0 /* esferas.png */ = {isa = PBXFileReference; lastKnownFileType = image.png; name = esferas.png; path = img/esferas.png; sourceTree = "<group>"; };
		B05FF33B1AD2F406004A99F0 /* graduate.png */ = {isa = PBXFileReference; lastKnownFileType = image.png; name = graduate.png; path = img/graduate.png; sourceTree = "<group>"; };
		B05FF33D1AD2FF86004A99F0 /* backg.jpg */ = {isa = PBXFileReference; lastKnownFileType = image.jpeg; name = backg.jpg; path = img/backg.jpg; sourceTree = "<group>"; };
		B08A95281ACCA4C5007EB0EE /* cross.png */ = {isa = PBXFileReference; lastKnownFileType = image.png; name = cross.png; path = img/cross.png; sourceTree = "<group>"; };
		B08A952A1ACCBC2A007EB0EE /* ListHorario.h */ = {isa = PBXFileReference; fileEncoding = 4; lastKnownFileType = sourcecode.c.h; path = ListHorario.h; sourceTree = "<group>"; };
		B08A952B1ACCBC2A007EB0EE /* ListHorario.m */ = {isa = PBXFileReference; fileEncoding = 4; lastKnownFileType = sourcecode.c.objc; path = ListHorario.m; sourceTree = "<group>"; };
		B0D4FEA71AD1C71C009030CC /* ListRatings.h */ = {isa = PBXFileReference; fileEncoding = 4; lastKnownFileType = sourcecode.c.h; path = ListRatings.h; sourceTree = "<group>"; };
		B0D4FEA81AD1C71C009030CC /* ListRatings.m */ = {isa = PBXFileReference; fileEncoding = 4; lastKnownFileType = sourcecode.c.objc; path = ListRatings.m; sourceTree = "<group>"; };
		B0D4FEAE1AD233FB009030CC /* noterm.png */ = {isa = PBXFileReference; lastKnownFileType = image.png; name = noterm.png; path = img/noterm.png; sourceTree = "<group>"; };
		B0D4FEAF1AD233FB009030CC /* term.png */ = {isa = PBXFileReference; lastKnownFileType = image.png; name = term.png; path = img/term.png; sourceTree = "<group>"; };
		B0D4FEB21AD23978009030CC /* libros.png */ = {isa = PBXFileReference; lastKnownFileType = image.png; name = libros.png; path = img/libros.png; sourceTree = "<group>"; };
		B0D4FEB41AD239D7009030CC /* horarioimg.png */ = {isa = PBXFileReference; lastKnownFileType = image.png; name = horarioimg.png; path = img/horarioimg.png; sourceTree = "<group>"; };
		B0D4FEB61AD23C11009030CC /* event.png */ = {isa = PBXFileReference; lastKnownFileType = image.png; name = event.png; path = img/event.png; sourceTree = "<group>"; };
		B0D4FEB81AD23DB8009030CC /* ok.jpeg */ = {isa = PBXFileReference; lastKnownFileType = image.jpeg; name = ok.jpeg; path = img/ok.jpeg; sourceTree = "<group>"; };
		B0DCDABF1AB9612100265F9C /* calif.png */ = {isa = PBXFileReference; lastKnownFileType = image.png; name = calif.png; path = img/calif.png; sourceTree = "<group>"; };
		B0DCDAC11AB963A300265F9C /* back.png */ = {isa = PBXFileReference; lastKnownFileType = image.png; name = back.png; path = img/back.png; sourceTree = "<group>"; };
		B0DCDAC31AB965C800265F9C /* Ratings.h */ = {isa = PBXFileReference; fileEncoding = 4; lastKnownFileType = sourcecode.c.h; path = Ratings.h; sourceTree = "<group>"; };
		B0DCDAC41AB965C800265F9C /* Ratings.m */ = {isa = PBXFileReference; fileEncoding = 4; lastKnownFileType = sourcecode.c.objc; path = Ratings.m; sourceTree = "<group>"; };
		B0E126201AB2B6E300650870 /* Subjects.h */ = {isa = PBXFileReference; fileEncoding = 4; lastKnownFileType = sourcecode.c.h; path = Subjects.h; sourceTree = "<group>"; };
		B0E126211AB2B6E300650870 /* Subjects.m */ = {isa = PBXFileReference; fileEncoding = 4; lastKnownFileType = sourcecode.c.objc; path = Subjects.m; sourceTree = "<group>"; };
		B0E126251AB2DDA600650870 /* settings.png */ = {isa = PBXFileReference; lastKnownFileType = image.png; name = settings.png; path = img/settings.png; sourceTree = "<group>"; };
		B0E126271AB3E23A00650870 /* ListSubjects.h */ = {isa = PBXFileReference; fileEncoding = 4; lastKnownFileType = sourcecode.c.h; path = ListSubjects.h; sourceTree = "<group>"; };
		B0E126281AB3E23A00650870 /* ListSubjects.m */ = {isa = PBXFileReference; fileEncoding = 4; lastKnownFileType = sourcecode.c.objc; path = ListSubjects.m; sourceTree = "<group>"; };
		B0EDF7B11ACCBD0200CD7225 /* Horario.h */ = {isa = PBXFileReference; fileEncoding = 4; lastKnownFileType = sourcecode.c.h; path = Horario.h; sourceTree = "<group>"; };
		B0EDF7B21ACCBD0200CD7225 /* Horario.m */ = {isa = PBXFileReference; fileEncoding = 4; lastKnownFileType = sourcecode.c.objc; path = Horario.m; sourceTree = "<group>"; };
		B0EDF7B41ACCBEA400CD7225 /* ListEvents.h */ = {isa = PBXFileReference; fileEncoding = 4; lastKnownFileType = sourcecode.c.h; path = ListEvents.h; sourceTree = "<group>"; };
		B0EDF7B51ACCBEA400CD7225 /* ListEvents.m */ = {isa = PBXFileReference; fileEncoding = 4; lastKnownFileType = sourcecode.c.objc; path = ListEvents.m; sourceTree = "<group>"; };
		B0EDF7B71ACCBEC600CD7225 /* Events.h */ = {isa = PBXFileReference; fileEncoding = 4; lastKnownFileType = sourcecode.c.h; path = Events.h; sourceTree = "<group>"; };
		B0EDF7B81ACCBEC600CD7225 /* Events.m */ = {isa = PBXFileReference; fileEncoding = 4; lastKnownFileType = sourcecode.c.objc; path = Events.m; sourceTree = "<group>"; };
		B0EDF7BC1ACE0E3F00CD7225 /* varGlobal.h */ = {isa = PBXFileReference; fileEncoding = 4; lastKnownFileType = sourcecode.c.h; path = varGlobal.h; sourceTree = "<group>"; };
		B0EDF7BD1ACE0E3F00CD7225 /* varGlobal.m */ = {isa = PBXFileReference; fileEncoding = 4; lastKnownFileType = sourcecode.c.objc; path = varGlobal.m; sourceTree = "<group>"; };
		B0EDF7BF1ACE6D3A00CD7225 /* Accounts.framework */ = {isa = PBXFileReference; lastKnownFileType = wrapper.framework; name = Accounts.framework; path = System/Library/Frameworks/Accounts.framework; sourceTree = SDKROOT; };
		B0EDF7C11ACE6D5300CD7225 /* Twitter.framework */ = {isa = PBXFileReference; lastKnownFileType = wrapper.framework; name = Twitter.framework; path = System/Library/Frameworks/Twitter.framework; sourceTree = SDKROOT; };
		B0EDF7C31ACE6D5D00CD7225 /* Social.framework */ = {isa = PBXFileReference; lastKnownFileType = wrapper.framework; name = Social.framework; path = System/Library/Frameworks/Social.framework; sourceTree = SDKROOT; };
		B0FA787E1AD08AA7001CF221 /* book.jpg */ = {isa = PBXFileReference; lastKnownFileType = image.jpeg; name = book.jpg; path = img/book.jpg; sourceTree = "<group>"; };
		B0FAD74D1AB2300A0046F86F /* camera.png */ = {isa = PBXFileReference; lastKnownFileType = image.png; name = camera.png; path = img/camera.png; sourceTree = "<group>"; };
/* End PBXFileReference section */

/* Begin PBXFrameworksBuildPhase section */
		B010DBFF1AB0031C0010FAEF /* Frameworks */ = {
			isa = PBXFrameworksBuildPhase;
			buildActionMask = 2147483647;
			files = (
				B0EDF7C41ACE6D5D00CD7225 /* Social.framework in Frameworks */,
				B0EDF7C21ACE6D5300CD7225 /* Twitter.framework in Frameworks */,
				B0EDF7C01ACE6D3A00CD7225 /* Accounts.framework in Frameworks */,
				B020DC2B1AB184F800BB1982 /* libsqlite3.dylib in Frameworks */,
				B020DC291AB184F000BB1982 /* libz.dylib in Frameworks */,
				B020DC271AB184AC00BB1982 /* SystemConfiguration.framework in Frameworks */,
				B020DC251AB1849F00BB1982 /* StoreKit.framework in Frameworks */,
				B020DC231AB1849300BB1982 /* Security.framework in Frameworks */,
				B020DC211AB1848800BB1982 /* QuartzCore.framework in Frameworks */,
				B020DC1F1AB1847B00BB1982 /* MobileCoreServices.framework in Frameworks */,
				B020DC1D1AB1846A00BB1982 /* CoreLocation.framework in Frameworks */,
				B020DC1B1AB1845F00BB1982 /* CoreGraphics.framework in Frameworks */,
				B020DC191AB1845200BB1982 /* CFNetwork.framework in Frameworks */,
				B020DC171AB1843200BB1982 /* AudioToolbox.framework in Frameworks */,
				B020DC121AB183E400BB1982 /* Parse.framework in Frameworks */,
				B020DC131AB183E400BB1982 /* ParseCrashReporting.framework in Frameworks */,
				B020DC151AB183E400BB1982 /* ParseUI.framework in Frameworks */,
				B020DC141AB183E400BB1982 /* ParseFacebookUtils.framework in Frameworks */,
				B020DC111AB183E400BB1982 /* Bolts.framework in Frameworks */,
			);
			runOnlyForDeploymentPostprocessing = 0;
		};
		B010DC181AB0031C0010FAEF /* Frameworks */ = {
			isa = PBXFrameworksBuildPhase;
			buildActionMask = 2147483647;
			files = (
			);
			runOnlyForDeploymentPostprocessing = 0;
		};
/* End PBXFrameworksBuildPhase section */

/* Begin PBXGroup section */
		B010DBF91AB0031C0010FAEF = {
			isa = PBXGroup;
			children = (
				B020DC0A1AB183C000BB1982 /* Frameworks */,
				B010DC7D1AB0B07F0010FAEF /* img */,
				B010DC041AB0031C0010FAEF /* SchoolAgenda */,
				B010DC1E1AB0031C0010FAEF /* SchoolAgendaTests */,
				B010DC031AB0031C0010FAEF /* Products */,
			);
			sourceTree = "<group>";
		};
		B010DC031AB0031C0010FAEF /* Products */ = {
			isa = PBXGroup;
			children = (
				B010DC021AB0031C0010FAEF /* SchoolAgenda.app */,
				B010DC1B1AB0031C0010FAEF /* SchoolAgendaTests.xctest */,
			);
			name = Products;
			sourceTree = "<group>";
		};
		B010DC041AB0031C0010FAEF /* SchoolAgenda */ = {
			isa = PBXGroup;
			children = (
				B010DC091AB0031C0010FAEF /* AppDelegate.h */,
				B010DC0A1AB0031C0010FAEF /* AppDelegate.m */,
				B0EDF7BC1ACE0E3F00CD7225 /* varGlobal.h */,
				B0EDF7BD1ACE0E3F00CD7225 /* varGlobal.m */,
				B010DC0C1AB0031C0010FAEF /* Home.h */,
				B010DC0D1AB0031C0010FAEF /* Home.m */,
				B020DC071AB1806400BB1982 /* addUser.h */,
				B020DC081AB1806400BB1982 /* addUser.m */,
				B010DC7A1AB0B0170010FAEF /* cellAgenda.h */,
				B010DC7B1AB0B0170010FAEF /* cellAgenda.m */,
				B0E126271AB3E23A00650870 /* ListSubjects.h */,
				B0E126281AB3E23A00650870 /* ListSubjects.m */,
				B0E126201AB2B6E300650870 /* Subjects.h */,
				B0E126211AB2B6E300650870 /* Subjects.m */,
				B08A952A1ACCBC2A007EB0EE /* ListHorario.h */,
				B08A952B1ACCBC2A007EB0EE /* ListHorario.m */,
				B0EDF7B11ACCBD0200CD7225 /* Horario.h */,
				B0EDF7B21ACCBD0200CD7225 /* Horario.m */,
				B0EDF7B41ACCBEA400CD7225 /* ListEvents.h */,
				B0EDF7B51ACCBEA400CD7225 /* ListEvents.m */,
				B0EDF7B71ACCBEC600CD7225 /* Events.h */,
				B0EDF7B81ACCBEC600CD7225 /* Events.m */,
				B0D4FEA71AD1C71C009030CC /* ListRatings.h */,
				B0D4FEA81AD1C71C009030CC /* ListRatings.m */,
				B0DCDAC31AB965C800265F9C /* Ratings.h */,
				B0DCDAC41AB965C800265F9C /* Ratings.m */,
				B010DC121AB0031C0010FAEF /* Images.xcassets */,
				B052BD751AD1B3EF0021F4D7 /* Main.storyboard */,
				B010DC141AB0031C0010FAEF /* LaunchScreen.xib */,
				B010DC051AB0031C0010FAEF /* Supporting Files */,
			);
			path = SchoolAgenda;
			sourceTree = "<group>";
		};
		B010DC051AB0031C0010FAEF /* Supporting Files */ = {
			isa = PBXGroup;
			children = (
				B010DC061AB0031C0010FAEF /* Info.plist */,
				B010DC071AB0031C0010FAEF /* main.m */,
			);
			name = "Supporting Files";
			sourceTree = "<group>";
		};
		B010DC1E1AB0031C0010FAEF /* SchoolAgendaTests */ = {
			isa = PBXGroup;
			children = (
				B010DC211AB0031C0010FAEF /* SchoolAgendaTests.m */,
				B010DC1F1AB0031C0010FAEF /* Supporting Files */,
			);
			path = SchoolAgendaTests;
			sourceTree = "<group>";
		};
		B010DC1F1AB0031C0010FAEF /* Supporting Files */ = {
			isa = PBXGroup;
			children = (
				B010DC201AB0031C0010FAEF /* Info.plist */,
			);
			name = "Supporting Files";
			sourceTree = "<group>";
		};
		B010DC7D1AB0B07F0010FAEF /* img */ = {
			isa = PBXGroup;
			children = (
				B05FF33D1AD2FF86004A99F0 /* backg.jpg */,
				B05FF33B1AD2F406004A99F0 /* graduate.png */,
				B05FF3391AD2E9DA004A99F0 /* esferas.png */,
				B0D4FEB81AD23DB8009030CC /* ok.jpeg */,
				B0D4FEB61AD23C11009030CC /* event.png */,
				B0D4FEB41AD239D7009030CC /* horarioimg.png */,
				B0D4FEB21AD23978009030CC /* libros.png */,
				B0D4FEAE1AD233FB009030CC /* noterm.png */,
				B0D4FEAF1AD233FB009030CC /* term.png */,
				B0FA787E1AD08AA7001CF221 /* book.jpg */,
				B08A95281ACCA4C5007EB0EE /* cross.png */,
				B0DCDAC11AB963A300265F9C /* back.png */,
				B0DCDABF1AB9612100265F9C /* calif.png */,
				B05E6F411AB62D8200812B09 /* list.png */,
				B05E6F391AB54AEB00812B09 /* students.jpeg */,
				B0E126251AB2DDA600650870 /* settings.png */,
				B0FAD74D1AB2300A0046F86F /* camera.png */,
				B010DC941AB15DE90010FAEF /* perfil.png */,
				B010DC8C1AB0F1D80010FAEF /* horario.png */,
				B010DC881AB0F0E90010FAEF /* eventos.png */,
				B010DC891AB0F0E90010FAEF /* materia.png */,
				B010DC7F1AB0B09C0010FAEF /* calendario.png */,
				B010DC821AB0B09C0010FAEF /* usuario.png */,
			);
			name = img;
			sourceTree = "<group>";
		};
		B020DC0A1AB183C000BB1982 /* Frameworks */ = {
			isa = PBXGroup;
			children = (
				B0EDF7C31ACE6D5D00CD7225 /* Social.framework */,
				B0EDF7C11ACE6D5300CD7225 /* Twitter.framework */,
				B0EDF7BF1ACE6D3A00CD7225 /* Accounts.framework */,
				B020DC2A1AB184F800BB1982 /* libsqlite3.dylib */,
				B020DC281AB184F000BB1982 /* libz.dylib */,
				B020DC261AB184AC00BB1982 /* SystemConfiguration.framework */,
				B020DC241AB1849F00BB1982 /* StoreKit.framework */,
				B020DC221AB1849300BB1982 /* Security.framework */,
				B020DC201AB1848800BB1982 /* QuartzCore.framework */,
				B020DC1E1AB1847B00BB1982 /* MobileCoreServices.framework */,
				B020DC1C1AB1846A00BB1982 /* CoreLocation.framework */,
				B020DC1A1AB1845F00BB1982 /* CoreGraphics.framework */,
				B020DC181AB1845200BB1982 /* CFNetwork.framework */,
				B020DC161AB1843200BB1982 /* AudioToolbox.framework */,
				B020DC0B1AB183E400BB1982 /* ParseFramework */,
			);
			name = Frameworks;
			sourceTree = "<group>";
		};
		B020DC0B1AB183E400BB1982 /* ParseFramework */ = {
			isa = PBXGroup;
			children = (
				B020DC0C1AB183E400BB1982 /* Bolts.framework */,
				B020DC0D1AB183E400BB1982 /* Parse.framework */,
				B020DC0E1AB183E400BB1982 /* ParseCrashReporting.framework */,
				B020DC0F1AB183E400BB1982 /* ParseFacebookUtils.framework */,
				B020DC101AB183E400BB1982 /* ParseUI.framework */,
			);
			path = ParseFramework;
			sourceTree = "<group>";
		};
/* End PBXGroup section */

/* Begin PBXNativeTarget section */
		B010DC011AB0031C0010FAEF /* SchoolAgenda */ = {
			isa = PBXNativeTarget;
			buildConfigurationList = B010DC251AB0031C0010FAEF /* Build configuration list for PBXNativeTarget "SchoolAgenda" */;
			buildPhases = (
				B010DBFE1AB0031C0010FAEF /* Sources */,
				B010DBFF1AB0031C0010FAEF /* Frameworks */,
				B010DC001AB0031C0010FAEF /* Resources */,
			);
			buildRules = (
			);
			dependencies = (
			);
			name = SchoolAgenda;
			productName = SchoolAgenda;
			productReference = B010DC021AB0031C0010FAEF /* SchoolAgenda.app */;
			productType = "com.apple.product-type.application";
		};
		B010DC1A1AB0031C0010FAEF /* SchoolAgendaTests */ = {
			isa = PBXNativeTarget;
			buildConfigurationList = B010DC281AB0031C0010FAEF /* Build configuration list for PBXNativeTarget "SchoolAgendaTests" */;
			buildPhases = (
				B010DC171AB0031C0010FAEF /* Sources */,
				B010DC181AB0031C0010FAEF /* Frameworks */,
				B010DC191AB0031C0010FAEF /* Resources */,
			);
			buildRules = (
			);
			dependencies = (
				B010DC1D1AB0031C0010FAEF /* PBXTargetDependency */,
			);
			name = SchoolAgendaTests;
			productName = SchoolAgendaTests;
			productReference = B010DC1B1AB0031C0010FAEF /* SchoolAgendaTests.xctest */;
			productType = "com.apple.product-type.bundle.unit-test";
		};
/* End PBXNativeTarget section */

/* Begin PBXProject section */
		B010DBFA1AB0031C0010FAEF /* Project object */ = {
			isa = PBXProject;
			attributes = {
				LastUpgradeCheck = 0610;
				ORGANIZATIONNAME = alebautista;
				TargetAttributes = {
					B010DC011AB0031C0010FAEF = {
						CreatedOnToolsVersion = 6.1.1;
					};
					B010DC1A1AB0031C0010FAEF = {
						CreatedOnToolsVersion = 6.1.1;
						TestTargetID = B010DC011AB0031C0010FAEF;
					};
				};
			};
			buildConfigurationList = B010DBFD1AB0031C0010FAEF /* Build configuration list for PBXProject "SchoolAgenda" */;
			compatibilityVersion = "Xcode 3.2";
			developmentRegion = English;
			hasScannedForEncodings = 0;
			knownRegions = (
				en,
				Base,
			);
			mainGroup = B010DBF91AB0031C0010FAEF;
			productRefGroup = B010DC031AB0031C0010FAEF /* Products */;
			projectDirPath = "";
			projectRoot = "";
			targets = (
				B010DC011AB0031C0010FAEF /* SchoolAgenda */,
				B010DC1A1AB0031C0010FAEF /* SchoolAgendaTests */,
			);
		};
/* End PBXProject section */

/* Begin PBXResourcesBuildPhase section */
		B010DC001AB0031C0010FAEF /* Resources */ = {
			isa = PBXResourcesBuildPhase;
			buildActionMask = 2147483647;
			files = (
				B05FF33C1AD2F406004A99F0 /* graduate.png in Resources */,
				B0E126261AB2DDA600650870 /* settings.png in Resources */,
				B05FF33E1AD2FF86004A99F0 /* backg.jpg in Resources */,
				B010DC8D1AB0F1D80010FAEF /* horario.png in Resources */,
				B010DC951AB15DE90010FAEF /* perfil.png in Resources */,
				B010DC8B1AB0F0E90010FAEF /* materia.png in Resources */,
				B0D4FEB51AD239D7009030CC /* horarioimg.png in Resources */,
				B0D4FEB91AD23DB8009030CC /* ok.jpeg in Resources */,
				B05E6F421AB62D8200812B09 /* list.png in Resources */,
				B010DC8A1AB0F0E90010FAEF /* eventos.png in Resources */,
				B052BD761AD1B3EF0021F4D7 /* Main.storyboard in Resources */,
				B08A95291ACCA4C5007EB0EE /* cross.png in Resources */,
				B0FAD74F1AB2300A0046F86F /* camera.png in Resources */,
				B010DC161AB0031C0010FAEF /* LaunchScreen.xib in Resources */,
				B010DC841AB0B09C0010FAEF /* calendario.png in Resources */,
				B010DC871AB0B09C0010FAEF /* usuario.png in Resources */,
				B0D4FEB11AD233FB009030CC /* term.png in Resources */,
				B0DCDAC21AB963A300265F9C /* back.png in Resources */,
				B0DCDAC01AB9612100265F9C /* calif.png in Resources */,
				B05E6F3A1AB54AEB00812B09 /* students.jpeg in Resources */,
				B0D4FEB31AD23978009030CC /* libros.png in Resources */,
				B010DC131AB0031C0010FAEF /* Images.xcassets in Resources */,
				B0D4FEB01AD233FB009030CC /* noterm.png in Resources */,
				B0D4FEB71AD23C11009030CC /* event.png in Resources */,
				B0FA787F1AD08AA7001CF221 /* book.jpg in Resources */,
				B05FF33A1AD2E9DA004A99F0 /* esferas.png in Resources */,
			);
			runOnlyForDeploymentPostprocessing = 0;
		};
		B010DC191AB0031C0010FAEF /* Resources */ = {
			isa = PBXResourcesBuildPhase;
			buildActionMask = 2147483647;
			files = (
			);
			runOnlyForDeploymentPostprocessing = 0;
		};
/* End PBXResourcesBuildPhase section */

/* Begin PBXSourcesBuildPhase section */
		B010DBFE1AB0031C0010FAEF /* Sources */ = {
			isa = PBXSourcesBuildPhase;
			buildActionMask = 2147483647;
			files = (
				B0EDF7B91ACCBEC600CD7225 /* Events.m in Sources */,
				B0DCDAC51AB965C800265F9C /* Ratings.m in Sources */,
				B08A952C1ACCBC2A007EB0EE /* ListHorario.m in Sources */,
				B010DC0E1AB0031C0010FAEF /* Home.m in Sources */,
				B010DC0B1AB0031C0010FAEF /* AppDelegate.m in Sources */,
				B010DC081AB0031C0010FAEF /* main.m in Sources */,
				B0D4FEA91AD1C71C009030CC /* ListRatings.m in Sources */,
				B0E126291AB3E23A00650870 /* ListSubjects.m in Sources */,
				B0EDF7B31ACCBD0200CD7225 /* Horario.m in Sources */,
				B020DC091AB1806400BB1982 /* addUser.m in Sources */,
				B0EDF7B61ACCBEA400CD7225 /* ListEvents.m in Sources */,
				B0EDF7BE1ACE0E3F00CD7225 /* varGlobal.m in Sources */,
				B0E126221AB2B6E300650870 /* Subjects.m in Sources */,
				B010DC7C1AB0B0170010FAEF /* cellAgenda.m in Sources */,
			);
			runOnlyForDeploymentPostprocessing = 0;
		};
		B010DC171AB0031C0010FAEF /* Sources */ = {
			isa = PBXSourcesBuildPhase;
			buildActionMask = 2147483647;
			files = (
				B010DC221AB0031C0010FAEF /* SchoolAgendaTests.m in Sources */,
			);
			runOnlyForDeploymentPostprocessing = 0;
		};
/* End PBXSourcesBuildPhase section */

/* Begin PBXTargetDependency section */
		B010DC1D1AB0031C0010FAEF /* PBXTargetDependency */ = {
			isa = PBXTargetDependency;
			target = B010DC011AB0031C0010FAEF /* SchoolAgenda */;
			targetProxy = B010DC1C1AB0031C0010FAEF /* PBXContainerItemProxy */;
		};
/* End PBXTargetDependency section */

/* Begin PBXVariantGroup section */
		B010DC141AB0031C0010FAEF /* LaunchScreen.xib */ = {
			isa = PBXVariantGroup;
			children = (
				B010DC151AB0031C0010FAEF /* Base */,
			);
			name = LaunchScreen.xib;
			sourceTree = "<group>";
		};
/* End PBXVariantGroup section */

/* Begin XCBuildConfiguration section */
		B010DC231AB0031C0010FAEF /* Debug */ = {
			isa = XCBuildConfiguration;
			buildSettings = {
				ALWAYS_SEARCH_USER_PATHS = NO;
				CLANG_CXX_LANGUAGE_STANDARD = "gnu++0x";
				CLANG_CXX_LIBRARY = "libc++";
				CLANG_ENABLE_MODULES = YES;
				CLANG_ENABLE_OBJC_ARC = YES;
				CLANG_WARN_BOOL_CONVERSION = YES;
				CLANG_WARN_CONSTANT_CONVERSION = YES;
				CLANG_WARN_DIRECT_OBJC_ISA_USAGE = YES_ERROR;
				CLANG_WARN_EMPTY_BODY = YES;
				CLANG_WARN_ENUM_CONVERSION = YES;
				CLANG_WARN_INT_CONVERSION = YES;
				CLANG_WARN_OBJC_ROOT_CLASS = YES_ERROR;
				CLANG_WARN_UNREACHABLE_CODE = YES;
				CLANG_WARN__DUPLICATE_METHOD_MATCH = YES;
				"CODE_SIGN_IDENTITY[sdk=iphoneos*]" = "iPhone Developer";
				COPY_PHASE_STRIP = NO;
				ENABLE_STRICT_OBJC_MSGSEND = YES;
				GCC_C_LANGUAGE_STANDARD = gnu99;
				GCC_DYNAMIC_NO_PIC = NO;
				GCC_OPTIMIZATION_LEVEL = 0;
				GCC_PREPROCESSOR_DEFINITIONS = (
					"DEBUG=1",
					"$(inherited)",
				);
				GCC_SYMBOLS_PRIVATE_EXTERN = NO;
				GCC_WARN_64_TO_32_BIT_CONVERSION = YES;
				GCC_WARN_ABOUT_RETURN_TYPE = YES_ERROR;
				GCC_WARN_UNDECLARED_SELECTOR = YES;
				GCC_WARN_UNINITIALIZED_AUTOS = YES_AGGRESSIVE;
				GCC_WARN_UNUSED_FUNCTION = YES;
				GCC_WARN_UNUSED_VARIABLE = YES;
				IPHONEOS_DEPLOYMENT_TARGET = 8.1;
				MTL_ENABLE_DEBUG_INFO = YES;
				ONLY_ACTIVE_ARCH = YES;
				SDKROOT = iphoneos;
			};
			name = Debug;
		};
		B010DC241AB0031C0010FAEF /* Release */ = {
			isa = XCBuildConfiguration;
			buildSettings = {
				ALWAYS_SEARCH_USER_PATHS = NO;
				CLANG_CXX_LANGUAGE_STANDARD = "gnu++0x";
				CLANG_CXX_LIBRARY = "libc++";
				CLANG_ENABLE_MODULES = YES;
				CLANG_ENABLE_OBJC_ARC = YES;
				CLANG_WARN_BOOL_CONVERSION = YES;
				CLANG_WARN_CONSTANT_CONVERSION = YES;
				CLANG_WARN_DIRECT_OBJC_ISA_USAGE = YES_ERROR;
				CLANG_WARN_EMPTY_BODY = YES;
				CLANG_WARN_ENUM_CONVERSION = YES;
				CLANG_WARN_INT_CONVERSION = YES;
				CLANG_WARN_OBJC_ROOT_CLASS = YES_ERROR;
				CLANG_WARN_UNREACHABLE_CODE = YES;
				CLANG_WARN__DUPLICATE_METHOD_MATCH = YES;
				"CODE_SIGN_IDENTITY[sdk=iphoneos*]" = "iPhone Developer";
				COPY_PHASE_STRIP = YES;
				ENABLE_NS_ASSERTIONS = NO;
				ENABLE_STRICT_OBJC_MSGSEND = YES;
				GCC_C_LANGUAGE_STANDARD = gnu99;
				GCC_WARN_64_TO_32_BIT_CONVERSION = YES;
				GCC_WARN_ABOUT_RETURN_TYPE = YES_ERROR;
				GCC_WARN_UNDECLARED_SELECTOR = YES;
				GCC_WARN_UNINITIALIZED_AUTOS = YES_AGGRESSIVE;
				GCC_WARN_UNUSED_FUNCTION = YES;
				GCC_WARN_UNUSED_VARIABLE = YES;
				IPHONEOS_DEPLOYMENT_TARGET = 8.1;
				MTL_ENABLE_DEBUG_INFO = NO;
				SDKROOT = iphoneos;
				VALIDATE_PRODUCT = YES;
			};
			name = Release;
		};
		B010DC261AB0031C0010FAEF /* Debug */ = {
			isa = XCBuildConfiguration;
			buildSettings = {
				ASSETCATALOG_COMPILER_APPICON_NAME = AppIcon;
				FRAMEWORK_SEARCH_PATHS = (
					"$(inherited)",
					"$(PROJECT_DIR)/ParseFramework",
				);
				INFOPLIST_FILE = SchoolAgenda/Info.plist;
				LD_RUNPATH_SEARCH_PATHS = "$(inherited) @executable_path/Frameworks";
				PRODUCT_NAME = "$(TARGET_NAME)";
			};
			name = Debug;
		};
		B010DC271AB0031C0010FAEF /* Release */ = {
			isa = XCBuildConfiguration;
			buildSettings = {
				ASSETCATALOG_COMPILER_APPICON_NAME = AppIcon;
				FRAMEWORK_SEARCH_PATHS = (
					"$(inherited)",
					"$(PROJECT_DIR)/ParseFramework",
				);
				INFOPLIST_FILE = SchoolAgenda/Info.plist;
				LD_RUNPATH_SEARCH_PATHS = "$(inherited) @executable_path/Frameworks";
				PRODUCT_NAME = "$(TARGET_NAME)";
			};
			name = Release;
		};
		B010DC291AB0031C0010FAEF /* Debug */ = {
			isa = XCBuildConfiguration;
			buildSettings = {
				BUNDLE_LOADER = "$(TEST_HOST)";
				FRAMEWORK_SEARCH_PATHS = (
					"$(SDKROOT)/Developer/Library/Frameworks",
					"$(inherited)",
				);
				GCC_PREPROCESSOR_DEFINITIONS = (
					"DEBUG=1",
					"$(inherited)",
				);
				INFOPLIST_FILE = SchoolAgendaTests/Info.plist;
				LD_RUNPATH_SEARCH_PATHS = "$(inherited) @executable_path/Frameworks @loader_path/Frameworks";
				PRODUCT_NAME = "$(TARGET_NAME)";
				TEST_HOST = "$(BUILT_PRODUCTS_DIR)/SchoolAgenda.app/SchoolAgenda";
			};
			name = Debug;
		};
		B010DC2A1AB0031C0010FAEF /* Release */ = {
			isa = XCBuildConfiguration;
			buildSettings = {
				BUNDLE_LOADER = "$(TEST_HOST)";
				FRAMEWORK_SEARCH_PATHS = (
					"$(SDKROOT)/Developer/Library/Frameworks",
					"$(inherited)",
				);
				INFOPLIST_FILE = SchoolAgendaTests/Info.plist;
				LD_RUNPATH_SEARCH_PATHS = "$(inherited) @executable_path/Frameworks @loader_path/Frameworks";
				PRODUCT_NAME = "$(TARGET_NAME)";
				TEST_HOST = "$(BUILT_PRODUCTS_DIR)/SchoolAgenda.app/SchoolAgenda";
			};
			name = Release;
		};
/* End XCBuildConfiguration section */

/* Begin XCConfigurationList section */
		B010DBFD1AB0031C0010FAEF /* Build configuration list for PBXProject "SchoolAgenda" */ = {
			isa = XCConfigurationList;
			buildConfigurations = (
				B010DC231AB0031C0010FAEF /* Debug */,
				B010DC241AB0031C0010FAEF /* Release */,
			);
			defaultConfigurationIsVisible = 0;
			defaultConfigurationName = Release;
		};
		B010DC251AB0031C0010FAEF /* Build configuration list for PBXNativeTarget "SchoolAgenda" */ = {
			isa = XCConfigurationList;
			buildConfigurations = (
				B010DC261AB0031C0010FAEF /* Debug */,
				B010DC271AB0031C0010FAEF /* Release */,
			);
			defaultConfigurationIsVisible = 0;
			defaultConfigurationName = Release;
		};
		B010DC281AB0031C0010FAEF /* Build configuration list for PBXNativeTarget "SchoolAgendaTests" */ = {
			isa = XCConfigurationList;
			buildConfigurations = (
				B010DC291AB0031C0010FAEF /* Debug */,
				B010DC2A1AB0031C0010FAEF /* Release */,
			);
			defaultConfigurationIsVisible = 0;
			defaultConfigurationName = Release;
		};
/* End XCConfigurationList section */
	};
	rootObject = B010DBFA1AB0031C0010FAEF /* Project object */;
}
